
Microsoft Visual Studio Solution File, Format Version 12.00
# Visual Studio Version 17
VisualStudioVersion = 17.14.36705.20
MinimumVisualStudioVersion = 10.0.40219.1
Project("{FAE04EC0-301F-11D3-BF4B-00C04F79EFBC}") = "MauiAppMicrophone", "MauiAppMicrophone\MauiAppMicrophone.csproj", "{CAD87CD1-EDA1-46F0-B8C4-7FA7443FE638}"
EndProject
Project("{FAE04EC0-301F-11D3-BF4B-00C04F79EFBC}") = "AudioLibrary", "AudioLibrary\AudioLibrary.csproj", "{988ECD81-1553-4F05-A787-CEE3E3281F47}"
EndProject
Project("{FAE04EC0-301F-11D3-BF4B-00C04F79EFBC}") = "WinFormsAppMicrophone", "WinFormsAppMicrophone\WinFormsAppMicrophone.csproj", "{54490D67-2E22-4FEB-90DD-AD22CC9E9A4C}"
EndProject
Project("{FAE04EC0-301F-11D3-BF4B-00C04F79EFBC}") = "ConsoleAppAllMicrophonesDevice", "ConsoleAppAllMicrophonesDevice\ConsoleAppAllMicrophonesDevice.csproj", "{CDDA3D56-C996-46D9-B77E-A1CEB510AFCE}"
EndProject
Global
	GlobalSection(SolutionConfigurationPlatforms) = preSolution
		Debug|Any CPU = Debug|Any CPU
		Release|Any CPU = Release|Any CPU
	EndGlobalSection
	GlobalSection(ProjectConfigurationPlatforms) = postSolution
		{CAD87CD1-EDA1-46F0-B8C4-7FA7443FE638}.Debug|Any CPU.ActiveCfg = Debug|Any CPU
		{CAD87CD1-EDA1-46F0-B8C4-7FA7443FE638}.Debug|Any CPU.Build.0 = Debug|Any CPU
		{CAD87CD1-EDA1-46F0-B8C4-7FA7443FE638}.Debug|Any CPU.Deploy.0 = Debug|Any CPU
		{CAD87CD1-EDA1-46F0-B8C4-7FA7443FE638}.Release|Any CPU.ActiveCfg = Release|Any CPU
		{CAD87CD1-EDA1-46F0-B8C4-7FA7443FE638}.Release|Any CPU.Build.0 = Release|Any CPU
		{CAD87CD1-EDA1-46F0-B8C4-7FA7443FE638}.Release|Any CPU.Deploy.0 = Release|Any CPU
		{988ECD81-1553-4F05-A787-CEE3E3281F47}.Debug|Any CPU.ActiveCfg = Debug|Any CPU
		{988ECD81-1553-4F05-A787-CEE3E3281F47}.Debug|Any CPU.Build.0 = Debug|Any CPU
		{988ECD81-1553-4F05-A787-CEE3E3281F47}.Release|Any CPU.ActiveCfg = Release|Any CPU
		{988ECD81-1553-4F05-A787-CEE3E3281F47}.Release|Any CPU.Build.0 = Release|Any CPU
		{54490D67-2E22-4FEB-90DD-AD22CC9E9A4C}.Debug|Any CPU.ActiveCfg = Debug|Any CPU
		{54490D67-2E22-4FEB-90DD-AD22CC9E9A4C}.Debug|Any CPU.Build.0 = Debug|Any CPU
		{54490D67-2E22-4FEB-90DD-AD22CC9E9A4C}.Release|Any CPU.ActiveCfg = Release|Any CPU
		{54490D67-2E22-4FEB-90DD-AD22CC9E9A4C}.Release|Any CPU.Build.0 = Release|Any CPU
		{CDDA3D56-C996-46D9-B77E-A1CEB510AFCE}.Debug|Any CPU.ActiveCfg = Debug|Any CPU
		{CDDA3D56-C996-46D9-B77E-A1CEB510AFCE}.Debug|Any CPU.Build.0 = Debug|Any CPU
		{CDDA3D56-C996-46D9-B77E-A1CEB510AFCE}.Release|Any CPU.ActiveCfg = Release|Any CPU
		{CDDA3D56-C996-46D9-B77E-A1CEB510AFCE}.Release|Any CPU.Build.0 = Release|Any CPU
	EndGlobalSection
	GlobalSection(SolutionProperties) = preSolution
		HideSolutionNode = FALSE
	EndGlobalSection
	GlobalSection(ExtensibilityGlobals) = postSolution
		SolutionGuid = {CDEF9329-D9F1-4D0A-9B34-38823C96D1A6}
	EndGlobalSection
EndGlobal
